
Microsoft Visual Studio Solution File, Format Version 12.00
# Visual Studio Version 17
VisualStudioVersion = 17.2.32630.192
MinimumVisualStudioVersion = 10.0.40219.1
Project("{FAE04EC0-301F-11D3-BF4B-00C04F79EFBC}") = "ProjectCore", "ProjectCore\ProjectCore.csproj", "{9AF1494C-277C-4150-AE81-3373839B0B14}"
EndProject
Global
	GlobalSection(SolutionConfigurationPlatforms) = preSolution
		Debug|Any CPU = Debug|Any CPU
		Release|Any CPU = Release|Any CPU
	EndGlobalSection
	GlobalSection(ProjectConfigurationPlatforms) = postSolution
		{9AF1494C-277C-4150-AE81-3373839B0B14}.Debug|Any CPU.ActiveCfg = Debug|Any CPU
		{9AF1494C-277C-4150-AE81-3373839B0B14}.Debug|Any CPU.Build.0 = Debug|Any CPU
		{9AF1494C-277C-4150-AE81-3373839B0B14}.Release|Any CPU.ActiveCfg = Release|Any CPU
		{9AF1494C-277C-4150-AE81-3373839B0B14}.Release|Any CPU.Build.0 = Release|Any CPU
	EndGlobalSection
	GlobalSection(SolutionProperties) = preSolution
		HideSolutionNode = FALSE
	EndGlobalSection
	GlobalSection(ExtensibilityGlobals) = postSolution
		SolutionGuid = {985B2070-9C54-4AF0-9513-F0CB9E07CB9A}
	EndGlobalSection
EndGlobal
